// !$*UTF8*$!
{
	archiveVersion = 1;
	classes = {
	};
	objectVersion = 56;
	objects = {

/* Begin PBXBuildFile section */
		13C0BB292EE71A69009533D9 /* Curso_Clean_ArchitectureApp.swift in Sources */ = {isa = PBXBuildFile; fileRef = 13C0BB152EE71A69009533D9 /* Curso_Clean_ArchitectureApp.swift */; };
		13C0BB2A2EE71A69009533D9 /* Assets.xcassets in Resources */ = {isa = PBXBuildFile; fileRef = 13C0BB162EE71A69009533D9 /* Assets.xcassets */; };
		13C0BB2B2EE71A69009533D9 /* Preview Assets.xcassets in Resources */ = {isa = PBXBuildFile; fileRef = 13C0BB182EE71A69009533D9 /* Preview Assets.xcassets */; };
		13C0BB2C2EE71A69009533D9 /* APIClient.swift in Sources */ = {isa = PBXBuildFile; fileRef = 13C0BB1B2EE71A69009533D9 /* APIClient.swift */; };
		13C0BB2D2EE71A69009533D9 /* Endpoint.swift in Sources */ = {isa = PBXBuildFile; fileRef = 13C0BB1C2EE71A69009533D9 /* Endpoint.swift */; };
		13C0BB2E2EE71A69009533D9 /* TvShowRepository.swift in Sources */ = {isa = PBXBuildFile; fileRef = 13C0BB1E2EE71A69009533D9 /* TvShowRepository.swift */; };
		13C0BB2F2EE71A69009533D9 /* TVShowRepositoryImpl.swift in Sources */ = {isa = PBXBuildFile; fileRef = 13C0BB1F2EE71A69009533D9 /* TVShowRepositoryImpl.swift */; };
		13C0BB302EE71A69009533D9 /* TVShowDetails.swift in Sources */ = {isa = PBXBuildFile; fileRef = 13C0BB212EE71A69009533D9 /* TVShowDetails.swift */; };
		13C0BB312EE71A69009533D9 /* TVShow.swift in Sources */ = {isa = PBXBuildFile; fileRef = 13C0BB222EE71A69009533D9 /* TVShow.swift */; };
		13C0BB322EE71A69009533D9 /* ContentView.swift in Sources */ = {isa = PBXBuildFile; fileRef = 13C0BB252EE71A69009533D9 /* ContentView.swift */; };
		13C0BB342EE71AC8009533D9 /* GetPopularTVShowsUseCaseProtocol.swift in Sources */ = {isa = PBXBuildFile; fileRef = 13C0BB332EE71AC8009533D9 /* GetPopularTVShowsUseCaseProtocol.swift */; };
		13C0BB362EE71AEB009533D9 /* GetTVShowsDetailsUseCaseProtocol.swift in Sources */ = {isa = PBXBuildFile; fileRef = 13C0BB352EE71AEB009533D9 /* GetTVShowsDetailsUseCaseProtocol.swift */; };
		13C0BB382EE71DB6009533D9 /* PopularShowsViewModel.swift in Sources */ = {isa = PBXBuildFile; fileRef = 13C0BB372EE71DB6009533D9 /* PopularShowsViewModel.swift */; };
		13C0BB3A2EE71F48009533D9 /* PopularShowsView.swift in Sources */ = {isa = PBXBuildFile; fileRef = 13C0BB392EE71F48009533D9 /* PopularShowsView.swift */; };
		13C0BB3C2EE7226F009533D9 /* DetailView.swift in Sources */ = {isa = PBXBuildFile; fileRef = 13C0BB3B2EE7226F009533D9 /* DetailView.swift */; };
		13C0BB3E2EE722BF009533D9 /* TVShowDetailsViewModel.swift in Sources */ = {isa = PBXBuildFile; fileRef = 13C0BB3D2EE722BF009533D9 /* TVShowDetailsViewModel.swift */; };
		13FB44772EE62C5A00B15A83 /* Curso_Clean_ArchitectureApp.swift in Sources */ = {isa = PBXBuildFile; fileRef = 13FB44762EE62C5A00B15A83 /* Curso_Clean_ArchitectureApp.swift */; };
		13FB44792EE62C5A00B15A83 /* ContentView.swift in Sources */ = {isa = PBXBuildFile; fileRef = 13FB44782EE62C5A00B15A83 /* ContentView.swift */; };
		13FB447B2EE62C5B00B15A83 /* Assets.xcassets in Resources */ = {isa = PBXBuildFile; fileRef = 13FB447A2EE62C5B00B15A83 /* Assets.xcassets */; };
		13FB447E2EE62C5B00B15A83 /* Preview Assets.xcassets in Resources */ = {isa = PBXBuildFile; fileRef = 13FB447D2EE62C5B00B15A83 /* Preview Assets.xcassets */; };
/* End PBXBuildFile section */

/* Begin PBXFileReference section */
		13C0BB152EE71A69009533D9 /* Curso_Clean_ArchitectureApp.swift */ = {isa = PBXFileReference; fileEncoding = 4; lastKnownFileType = sourcecode.swift; path = Curso_Clean_ArchitectureApp.swift; sourceTree = "<group>"; };
		13C0BB162EE71A69009533D9 /* Assets.xcassets */ = {isa = PBXFileReference; lastKnownFileType = folder.assetcatalog; path = Assets.xcassets; sourceTree = "<group>"; };
		13C0BB182EE71A69009533D9 /* Preview Assets.xcassets */ = {isa = PBXFileReference; lastKnownFileType = folder.assetcatalog; path = "Preview Assets.xcassets"; sourceTree = "<group>"; };
		13C0BB1B2EE71A69009533D9 /* APIClient.swift */ = {isa = PBXFileReference; fileEncoding = 4; lastKnownFileType = sourcecode.swift; path = APIClient.swift; sourceTree = "<group>"; };
		13C0BB1C2EE71A69009533D9 /* Endpoint.swift */ = {isa = PBXFileReference; fileEncoding = 4; lastKnownFileType = sourcecode.swift; path = Endpoint.swift; sourceTree = "<group>"; };
		13C0BB1E2EE71A69009533D9 /* TvShowRepository.swift */ = {isa = PBXFileReference; fileEncoding = 4; lastKnownFileType = sourcecode.swift; path = TvShowRepository.swift; sourceTree = "<group>"; };
		13C0BB1F2EE71A69009533D9 /* TVShowRepositoryImpl.swift */ = {isa = PBXFileReference; fileEncoding = 4; lastKnownFileType = sourcecode.swift; path = TVShowRepositoryImpl.swift; sourceTree = "<group>"; };
		13C0BB212EE71A69009533D9 /* TVShowDetails.swift */ = {isa = PBXFileReference; fileEncoding = 4; lastKnownFileType = sourcecode.swift; path = TVShowDetails.swift; sourceTree = "<group>"; };
		13C0BB222EE71A69009533D9 /* TVShow.swift */ = {isa = PBXFileReference; fileEncoding = 4; lastKnownFileType = sourcecode.swift; path = TVShow.swift; sourceTree = "<group>"; };
		13C0BB252EE71A69009533D9 /* ContentView.swift */ = {isa = PBXFileReference; fileEncoding = 4; lastKnownFileType = sourcecode.swift; path = ContentView.swift; sourceTree = "<group>"; };
		13C0BB332EE71AC8009533D9 /* GetPopularTVShowsUseCaseProtocol.swift */ = {isa = PBXFileReference; lastKnownFileType = sourcecode.swift; path = GetPopularTVShowsUseCaseProtocol.swift; sourceTree = "<group>"; };
		13C0BB352EE71AEB009533D9 /* GetTVShowsDetailsUseCaseProtocol.swift */ = {isa = PBXFileReference; lastKnownFileType = sourcecode.swift; path = GetTVShowsDetailsUseCaseProtocol.swift; sourceTree = "<group>"; };
		13C0BB372EE71DB6009533D9 /* PopularShowsViewModel.swift */ = {isa = PBXFileReference; lastKnownFileType = sourcecode.swift; path = PopularShowsViewModel.swift; sourceTree = "<group>"; };
		13C0BB392EE71F48009533D9 /* PopularShowsView.swift */ = {isa = PBXFileReference; lastKnownFileType = sourcecode.swift; path = PopularShowsView.swift; sourceTree = "<group>"; };
		13C0BB3B2EE7226F009533D9 /* DetailView.swift */ = {isa = PBXFileReference; lastKnownFileType = sourcecode.swift; path = DetailView.swift; sourceTree = "<group>"; };
		13C0BB3D2EE722BF009533D9 /* TVShowDetailsViewModel.swift */ = {isa = PBXFileReference; lastKnownFileType = sourcecode.swift; path = TVShowDetailsViewModel.swift; sourceTree = "<group>"; };
		13FB44732EE62C5A00B15A83 /* Curso-Clean-Architecture.app */ = {isa = PBXFileReference; explicitFileType = wrapper.application; includeInIndex = 0; path = "Curso-Clean-Architecture.app"; sourceTree = BUILT_PRODUCTS_DIR; };
		13FB44762EE62C5A00B15A83 /* Curso_Clean_ArchitectureApp.swift */ = {isa = PBXFileReference; lastKnownFileType = sourcecode.swift; path = Curso_Clean_ArchitectureApp.swift; sourceTree = "<group>"; };
		13FB44782EE62C5A00B15A83 /* ContentView.swift */ = {isa = PBXFileReference; lastKnownFileType = sourcecode.swift; path = ContentView.swift; sourceTree = "<group>"; };
		13FB447A2EE62C5B00B15A83 /* Assets.xcassets */ = {isa = PBXFileReference; lastKnownFileType = folder.assetcatalog; path = Assets.xcassets; sourceTree = "<group>"; };
		13FB447D2EE62C5B00B15A83 /* Preview Assets.xcassets */ = {isa = PBXFileReference; lastKnownFileType = folder.assetcatalog; path = "Preview Assets.xcassets"; sourceTree = "<group>"; };
/* End PBXFileReference section */

/* Begin PBXFrameworksBuildPhase section */
		13FB44702EE62C5A00B15A83 /* Frameworks */ = {
			isa = PBXFrameworksBuildPhase;
			buildActionMask = 2147483647;
			files = (
			);
			runOnlyForDeploymentPostprocessing = 0;
		};
/* End PBXFrameworksBuildPhase section */

/* Begin PBXGroup section */
		13C0BB142EE71A69009533D9 /* Curso-Clean-Architecture */ = {
			isa = PBXGroup;
			children = (
				13C0BB152EE71A69009533D9 /* Curso_Clean_ArchitectureApp.swift */,
				13C0BB162EE71A69009533D9 /* Assets.xcassets */,
				13C0BB172EE71A69009533D9 /* Preview Content */,
				13C0BB192EE71A69009533D9 /* Data */,
				13C0BB232EE71A69009533D9 /* Domain */,
				13C0BB252EE71A69009533D9 /* ContentView.swift */,
				13C0BB262EE71A69009533D9 /* Presentation */,
			);
			path = "Curso-Clean-Architecture";
			sourceTree = "<group>";
		};
		13C0BB172EE71A69009533D9 /* Preview Content */ = {
			isa = PBXGroup;
			children = (
				13C0BB182EE71A69009533D9 /* Preview Assets.xcassets */,
			);
			path = "Preview Content";
			sourceTree = "<group>";
		};
		13C0BB192EE71A69009533D9 /* Data */ = {
			isa = PBXGroup;
			children = (
				13C0BB1A2EE71A69009533D9 /* Network */,
				13C0BB1D2EE71A69009533D9 /* Repositories */,
				13C0BB202EE71A69009533D9 /* Models */,
			);
			path = Data;
			sourceTree = "<group>";
		};
		13C0BB1A2EE71A69009533D9 /* Network */ = {
			isa = PBXGroup;
			children = (
				13C0BB1B2EE71A69009533D9 /* APIClient.swift */,
				13C0BB1C2EE71A69009533D9 /* Endpoint.swift */,
			);
			path = Network;
			sourceTree = "<group>";
		};
		13C0BB1D2EE71A69009533D9 /* Repositories */ = {
			isa = PBXGroup;
			children = (
				13C0BB1E2EE71A69009533D9 /* TvShowRepository.swift */,
				13C0BB1F2EE71A69009533D9 /* TVShowRepositoryImpl.swift */,
			);
			path = Repositories;
			sourceTree = "<group>";
		};
		13C0BB202EE71A69009533D9 /* Models */ = {
			isa = PBXGroup;
			children = (
				13C0BB212EE71A69009533D9 /* TVShowDetails.swift */,
				13C0BB222EE71A69009533D9 /* TVShow.swift */,
			);
			path = Models;
			sourceTree = "<group>";
		};
		13C0BB232EE71A69009533D9 /* Domain */ = {
			isa = PBXGroup;
			children = (
				13C0BB242EE71A69009533D9 /* UseCase */,
			);
			path = Domain;
			sourceTree = "<group>";
		};
		13C0BB242EE71A69009533D9 /* UseCase */ = {
			isa = PBXGroup;
			children = (
				13C0BB332EE71AC8009533D9 /* GetPopularTVShowsUseCaseProtocol.swift */,
				13C0BB352EE71AEB009533D9 /* GetTVShowsDetailsUseCaseProtocol.swift */,
			);
			path = UseCase;
			sourceTree = "<group>";
		};
		13C0BB262EE71A69009533D9 /* Presentation */ = {
			isa = PBXGroup;
			children = (
				13C0BB272EE71A69009533D9 /* ViewModels */,
				13C0BB282EE71A69009533D9 /* Views */,
			);
			path = Presentation;
			sourceTree = "<group>";
		};
		13C0BB272EE71A69009533D9 /* ViewModels */ = {
			isa = PBXGroup;
			children = (
				13C0BB372EE71DB6009533D9 /* PopularShowsViewModel.swift */,
				13C0BB3D2EE722BF009533D9 /* TVShowDetailsViewModel.swift */,
			);
			path = ViewModels;
			sourceTree = "<group>";
		};
		13C0BB282EE71A69009533D9 /* Views */ = {
			isa = PBXGroup;
			children = (
				13C0BB392EE71F48009533D9 /* PopularShowsView.swift */,
				13C0BB3B2EE7226F009533D9 /* DetailView.swift */,
			);
			path = Views;
			sourceTree = "<group>";
		};
		13FB446A2EE62C5900B15A83 = {
			isa = PBXGroup;
			children = (
				13FB44752EE62C5A00B15A83 /* Curso-Clean-Architecture */,
				13C0BB142EE71A69009533D9 /* Curso-Clean-Architecture */,
				13FB44742EE62C5A00B15A83 /* Products */,
			);
			sourceTree = "<group>";
		};
		13FB44742EE62C5A00B15A83 /* Products */ = {
			isa = PBXGroup;
			children = (
				13FB44732EE62C5A00B15A83 /* Curso-Clean-Architecture.app */,
			);
			name = Products;
			sourceTree = "<group>";
		};
		13FB44752EE62C5A00B15A83 /* Curso-Clean-Architecture */ = {
			isa = PBXGroup;
			children = (
				13FB44762EE62C5A00B15A83 /* Curso_Clean_ArchitectureApp.swift */,
				13FB44782EE62C5A00B15A83 /* ContentView.swift */,
				13FB447A2EE62C5B00B15A83 /* Assets.xcassets */,
				13FB447C2EE62C5B00B15A83 /* Preview Content */,
			);
			path = "Curso-Clean-Architecture";
			sourceTree = "<group>";
		};
		13FB447C2EE62C5B00B15A83 /* Preview Content */ = {
			isa = PBXGroup;
			children = (
				13FB447D2EE62C5B00B15A83 /* Preview Assets.xcassets */,
			);
			path = "Preview Content";
			sourceTree = "<group>";
		};
/* End PBXGroup section */

/* Begin PBXNativeTarget section */
		13FB44722EE62C5A00B15A83 /* Curso-Clean-Architecture */ = {
			isa = PBXNativeTarget;
			buildConfigurationList = 13FB44812EE62C5B00B15A83 /* Build configuration list for PBXNativeTarget "Curso-Clean-Architecture" */;
			buildPhases = (
				13FB446F2EE62C5A00B15A83 /* Sources */,
				13FB44702EE62C5A00B15A83 /* Frameworks */,
				13FB44712EE62C5A00B15A83 /* Resources */,
			);
			buildRules = (
			);
			dependencies = (
			);
			name = "Curso-Clean-Architecture";
			productName = "Curso-Clean-Architecture";
			productReference = 13FB44732EE62C5A00B15A83 /* Curso-Clean-Architecture.app */;
			productType = "com.apple.product-type.application";
		};
/* End PBXNativeTarget section */

/* Begin PBXProject section */
		13FB446B2EE62C5900B15A83 /* Project object */ = {
			isa = PBXProject;
			attributes = {
				BuildIndependentTargetsInParallel = 1;
				LastSwiftUpdateCheck = 1420;
				LastUpgradeCheck = 1420;
				TargetAttributes = {
					13FB44722EE62C5A00B15A83 = {
						CreatedOnToolsVersion = 14.2;
					};
				};
			};
			buildConfigurationList = 13FB446E2EE62C5900B15A83 /* Build configuration list for PBXProject "Curso-Clean-Architecture" */;
			compatibilityVersion = "Xcode 14.0";
			developmentRegion = en;
			hasScannedForEncodings = 0;
			knownRegions = (
				en,
				Base,
			);
			mainGroup = 13FB446A2EE62C5900B15A83;
			productRefGroup = 13FB44742EE62C5A00B15A83 /* Products */;
			projectDirPath = "";
			projectRoot = "";
			targets = (
				13FB44722EE62C5A00B15A83 /* Curso-Clean-Architecture */,
			);
		};
/* End PBXProject section */

/* Begin PBXResourcesBuildPhase section */
		13FB44712EE62C5A00B15A83 /* Resources */ = {
			isa = PBXResourcesBuildPhase;
			buildActionMask = 2147483647;
			files = (
				13C0BB2B2EE71A69009533D9 /* Preview Assets.xcassets in Resources */,
				13FB447E2EE62C5B00B15A83 /* Preview Assets.xcassets in Resources */,
				13C0BB2A2EE71A69009533D9 /* Assets.xcassets in Resources */,
				13FB447B2EE62C5B00B15A83 /* Assets.xcassets in Resources */,
			);
			runOnlyForDeploymentPostprocessing = 0;
		};
/* End PBXResourcesBuildPhase section */

/* Begin PBXSourcesBuildPhase section */
		13FB446F2EE62C5A00B15A83 /* Sources */ = {
			isa = PBXSourcesBuildPhase;
			buildActionMask = 2147483647;
			files = (
				13FB44792EE62C5A00B15A83 /* ContentView.swift in Sources */,
				13FB44772EE62C5A00B15A83 /* Curso_Clean_ArchitectureApp.swift in Sources */,
				13C0BB2E2EE71A69009533D9 /* TvShowRepository.swift in Sources */,
				13C0BB292EE71A69009533D9 /* Curso_Clean_ArchitectureApp.swift in Sources */,
				13C0BB3E2EE722BF009533D9 /* TVShowDetailsViewModel.swift in Sources */,
				13C0BB362EE71AEB009533D9 /* GetTVShowsDetailsUseCaseProtocol.swift in Sources */,
				13C0BB2C2EE71A69009533D9 /* APIClient.swift in Sources */,
				13C0BB2F2EE71A69009533D9 /* TVShowRepositoryImpl.swift in Sources */,
				13C0BB322EE71A69009533D9 /* ContentView.swift in Sources */,
				13C0BB382EE71DB6009533D9 /* PopularShowsViewModel.swift in Sources */,
				13C0BB2D2EE71A69009533D9 /* Endpoint.swift in Sources */,
				13C0BB302EE71A69009533D9 /* TVShowDetails.swift in Sources */,
				13C0BB342EE71AC8009533D9 /* GetPopularTVShowsUseCaseProtocol.swift in Sources */,
				13C0BB312EE71A69009533D9 /* TVShow.swift in Sources */,
				13C0BB3C2EE7226F009533D9 /* DetailView.swift in Sources */,
				13C0BB3A2EE71F48009533D9 /* PopularShowsView.swift in Sources */,
			);
			runOnlyForDeploymentPostprocessing = 0;
		};
/* End PBXSourcesBuildPhase section */

/* Begin XCBuildConfiguration section */
		13FB447F2EE62C5B00B15A83 /* Debug */ = {
			isa = XCBuildConfiguration;
			buildSettings = {
				ALWAYS_SEARCH_USER_PATHS = NO;
				CLANG_ANALYZER_NONNULL = YES;
				CLANG_ANALYZER_NUMBER_OBJECT_CONVERSION = YES_AGGRESSIVE;
				CLANG_CXX_LANGUAGE_STANDARD = "gnu++20";
				CLANG_ENABLE_MODULES = YES;
				CLANG_ENABLE_OBJC_ARC = YES;
				CLANG_ENABLE_OBJC_WEAK = YES;
				CLANG_WARN_BLOCK_CAPTURE_AUTORELEASING = YES;
				CLANG_WARN_BOOL_CONVERSION = YES;
				CLANG_WARN_COMMA = YES;
				CLANG_WARN_CONSTANT_CONVERSION = YES;
				CLANG_WARN_DEPRECATED_OBJC_IMPLEMENTATIONS = YES;
				CLANG_WARN_DIRECT_OBJC_ISA_USAGE = YES_ERROR;
				CLANG_WARN_DOCUMENTATION_COMMENTS = YES;
				CLANG_WARN_EMPTY_BODY = YES;
				CLANG_WARN_ENUM_CONVERSION = YES;
				CLANG_WARN_INFINITE_RECURSION = YES;
				CLANG_WARN_INT_CONVERSION = YES;
				CLANG_WARN_NON_LITERAL_NULL_CONVERSION = YES;
				CLANG_WARN_OBJC_IMPLICIT_RETAIN_SELF = YES;
				CLANG_WARN_OBJC_LITERAL_CONVERSION = YES;
				CLANG_WARN_OBJC_ROOT_CLASS = YES_ERROR;
				CLANG_WARN_QUOTED_INCLUDE_IN_FRAMEWORK_HEADER = YES;
				CLANG_WARN_RANGE_LOOP_ANALYSIS = YES;
				CLANG_WARN_STRICT_PROTOTYPES = YES;
				CLANG_WARN_SUSPICIOUS_MOVE = YES;
				CLANG_WARN_UNGUARDED_AVAILABILITY = YES_AGGRESSIVE;
				CLANG_WARN_UNREACHABLE_CODE = YES;
				CLANG_WARN__DUPLICATE_METHOD_MATCH = YES;
				COPY_PHASE_STRIP = NO;
				DEBUG_INFORMATION_FORMAT = dwarf;
				ENABLE_STRICT_OBJC_MSGSEND = YES;
				ENABLE_TESTABILITY = YES;
				GCC_C_LANGUAGE_STANDARD = gnu11;
				GCC_DYNAMIC_NO_PIC = NO;
				GCC_NO_COMMON_BLOCKS = YES;
				GCC_OPTIMIZATION_LEVEL = 0;
				GCC_PREPROCESSOR_DEFINITIONS = (
					"DEBUG=1",
					"$(inherited)",
				);
				GCC_WARN_64_TO_32_BIT_CONVERSION = YES;
				GCC_WARN_ABOUT_RETURN_TYPE = YES_ERROR;
				GCC_WARN_UNDECLARED_SELECTOR = YES;
				GCC_WARN_UNINITIALIZED_AUTOS = YES_AGGRESSIVE;
				GCC_WARN_UNUSED_FUNCTION = YES;
				GCC_WARN_UNUSED_VARIABLE = YES;
				IPHONEOS_DEPLOYMENT_TARGET = 16.2;
				MTL_ENABLE_DEBUG_INFO = INCLUDE_SOURCE;
				MTL_FAST_MATH = YES;
				ONLY_ACTIVE_ARCH = YES;
				SDKROOT = iphoneos;
				SWIFT_ACTIVE_COMPILATION_CONDITIONS = DEBUG;
				SWIFT_OPTIMIZATION_LEVEL = "-Onone";
			};
			name = Debug;
		};
		13FB44802EE62C5B00B15A83 /* Release */ = {
			isa = XCBuildConfiguration;
			buildSettings = {
				ALWAYS_SEARCH_USER_PATHS = NO;
				CLANG_ANALYZER_NONNULL = YES;
				CLANG_ANALYZER_NUMBER_OBJECT_CONVERSION = YES_AGGRESSIVE;
				CLANG_CXX_LANGUAGE_STANDARD = "gnu++20";
				CLANG_ENABLE_MODULES = YES;
				CLANG_ENABLE_OBJC_ARC = YES;
				CLANG_ENABLE_OBJC_WEAK = YES;
				CLANG_WARN_BLOCK_CAPTURE_AUTORELEASING = YES;
				CLANG_WARN_BOOL_CONVERSION = YES;
				CLANG_WARN_COMMA = YES;
				CLANG_WARN_CONSTANT_CONVERSION = YES;
				CLANG_WARN_DEPRECATED_OBJC_IMPLEMENTATIONS = YES;
				CLANG_WARN_DIRECT_OBJC_ISA_USAGE = YES_ERROR;
				CLANG_WARN_DOCUMENTATION_COMMENTS = YES;
				CLANG_WARN_EMPTY_BODY = YES;
				CLANG_WARN_ENUM_CONVERSION = YES;
				CLANG_WARN_INFINITE_RECURSION = YES;
				CLANG_WARN_INT_CONVERSION = YES;
				CLANG_WARN_NON_LITERAL_NULL_CONVERSION = YES;
				CLANG_WARN_OBJC_IMPLICIT_RETAIN_SELF = YES;
				CLANG_WARN_OBJC_LITERAL_CONVERSION = YES;
				CLANG_WARN_OBJC_ROOT_CLASS = YES_ERROR;
				CLANG_WARN_QUOTED_INCLUDE_IN_FRAMEWORK_HEADER = YES;
				CLANG_WARN_RANGE_LOOP_ANALYSIS = YES;
				CLANG_WARN_STRICT_PROTOTYPES = YES;
				CLANG_WARN_SUSPICIOUS_MOVE = YES;
				CLANG_WARN_UNGUARDED_AVAILABILITY = YES_AGGRESSIVE;
				CLANG_WARN_UNREACHABLE_CODE = YES;
				CLANG_WARN__DUPLICATE_METHOD_MATCH = YES;
				COPY_PHASE_STRIP = NO;
				DEBUG_INFORMATION_FORMAT = "dwarf-with-dsym";
				ENABLE_NS_ASSERTIONS = NO;
				ENABLE_STRICT_OBJC_MSGSEND = YES;
				GCC_C_LANGUAGE_STANDARD = gnu11;
				GCC_NO_COMMON_BLOCKS = YES;
				GCC_WARN_64_TO_32_BIT_CONVERSION = YES;
				GCC_WARN_ABOUT_RETURN_TYPE = YES_ERROR;
				GCC_WARN_UNDECLARED_SELECTOR = YES;
				GCC_WARN_UNINITIALIZED_AUTOS = YES_AGGRESSIVE;
				GCC_WARN_UNUSED_FUNCTION = YES;
				GCC_WARN_UNUSED_VARIABLE = YES;
				IPHONEOS_DEPLOYMENT_TARGET = 16.2;
				MTL_ENABLE_DEBUG_INFO = NO;
				MTL_FAST_MATH = YES;
				SDKROOT = iphoneos;
				SWIFT_COMPILATION_MODE = wholemodule;
				SWIFT_OPTIMIZATION_LEVEL = "-O";
				VALIDATE_PRODUCT = YES;
			};
			name = Release;
		};
		13FB44822EE62C5B00B15A83 /* Debug */ = {
			isa = XCBuildConfiguration;
			buildSettings = {
				ASSETCATALOG_COMPILER_APPICON_NAME = AppIcon;
				ASSETCATALOG_COMPILER_GLOBAL_ACCENT_COLOR_NAME = AccentColor;
				CODE_SIGN_STYLE = Automatic;
				CURRENT_PROJECT_VERSION = 1;
				DEVELOPMENT_ASSET_PATHS = "\"Curso-Clean-Architecture/Preview Content\"";
				ENABLE_PREVIEWS = YES;
				GENERATE_INFOPLIST_FILE = YES;
				INFOPLIST_KEY_UIApplicationSceneManifest_Generation = YES;
				INFOPLIST_KEY_UIApplicationSupportsIndirectInputEvents = YES;
				INFOPLIST_KEY_UILaunchScreen_Generation = YES;
				INFOPLIST_KEY_UISupportedInterfaceOrientations_iPad = "UIInterfaceOrientationPortrait UIInterfaceOrientationPortraitUpsideDown UIInterfaceOrientationLandscapeLeft UIInterfaceOrientationLandscapeRight";
				INFOPLIST_KEY_UISupportedInterfaceOrientations_iPhone = "UIInterfaceOrientationPortrait UIInterfaceOrientationLandscapeLeft UIInterfaceOrientationLandscapeRight";
				LD_RUNPATH_SEARCH_PATHS = (
					"$(inherited)",
					"@executable_path/Frameworks",
				);
				MARKETING_VERSION = 1.0;
				PRODUCT_BUNDLE_IDENTIFIER = "com.SivoJC.Curso-Clean-Architecture";
				PRODUCT_NAME = "$(TARGET_NAME)";
				SWIFT_EMIT_LOC_STRINGS = YES;
				SWIFT_VERSION = 5.0;
				TARGETED_DEVICE_FAMILY = "1,2";
			};
			name = Debug;
		};
		13FB44832EE62C5B00B15A83 /* Release */ = {
			isa = XCBuildConfiguration;
			buildSettings = {
				ASSETCATALOG_COMPILER_APPICON_NAME = AppIcon;
				ASSETCATALOG_COMPILER_GLOBAL_ACCENT_COLOR_NAME = AccentColor;
				CODE_SIGN_STYLE = Automatic;
				CURRENT_PROJECT_VERSION = 1;
				DEVELOPMENT_ASSET_PATHS = "\"Curso-Clean-Architecture/Preview Content\"";
				ENABLE_PREVIEWS = YES;
				GENERATE_INFOPLIST_FILE = YES;
				INFOPLIST_KEY_UIApplicationSceneManifest_Generation = YES;
				INFOPLIST_KEY_UIApplicationSupportsIndirectInputEvents = YES;
				INFOPLIST_KEY_UILaunchScreen_Generation = YES;
				INFOPLIST_KEY_UISupportedInterfaceOrientations_iPad = "UIInterfaceOrientationPortrait UIInterfaceOrientationPortraitUpsideDown UIInterfaceOrientationLandscapeLeft UIInterfaceOrientationLandscapeRight";
				INFOPLIST_KEY_UISupportedInterfaceOrientations_iPhone = "UIInterfaceOrientationPortrait UIInterfaceOrientationLandscapeLeft UIInterfaceOrientationLandscapeRight";
				LD_RUNPATH_SEARCH_PATHS = (
					"$(inherited)",
					"@executable_path/Frameworks",
				);
				MARKETING_VERSION = 1.0;
				PRODUCT_BUNDLE_IDENTIFIER = "com.SivoJC.Curso-Clean-Architecture";
				PRODUCT_NAME = "$(TARGET_NAME)";
				SWIFT_EMIT_LOC_STRINGS = YES;
				SWIFT_VERSION = 5.0;
				TARGETED_DEVICE_FAMILY = "1,2";
			};
			name = Release;
		};
/* End XCBuildConfiguration section */

/* Begin XCConfigurationList section */
		13FB446E2EE62C5900B15A83 /* Build configuration list for PBXProject "Curso-Clean-Architecture" */ = {
			isa = XCConfigurationList;
			buildConfigurations = (
				13FB447F2EE62C5B00B15A83 /* Debug */,
				13FB44802EE62C5B00B15A83 /* Release */,
			);
			defaultConfigurationIsVisible = 0;
			defaultConfigurationName = Release;
		};
		13FB44812EE62C5B00B15A83 /* Build configuration list for PBXNativeTarget "Curso-Clean-Architecture" */ = {
			isa = XCConfigurationList;
			buildConfigurations = (
				13FB44822EE62C5B00B15A83 /* Debug */,
				13FB44832EE62C5B00B15A83 /* Release */,
			);
			defaultConfigurationIsVisible = 0;
			defaultConfigurationName = Release;
		};
/* End XCConfigurationList section */
	};
	rootObject = 13FB446B2EE62C5900B15A83 /* Project object */;
}
